// !$*UTF8*$!
{
	archiveVersion = 1;
	classes = {
	};
	objectVersion = 50;
	objects = {

/* Begin PBXBuildFile section */
		E3E513A8BAD918221CED6270 /* libPods-ZJDefine.a in Frameworks */ = {isa = PBXBuildFile; fileRef = F1C85397E85903C144AD10AD /* libPods-ZJDefine.a */; };
		F7B522A024A03E4200B72172 /* AppDelegate.m in Sources */ = {isa = PBXBuildFile; fileRef = F7B5229F24A03E4200B72172 /* AppDelegate.m */; };
		F7B522A324A03E4200B72172 /* SceneDelegate.m in Sources */ = {isa = PBXBuildFile; fileRef = F7B522A224A03E4200B72172 /* SceneDelegate.m */; };
		F7B522A624A03E4200B72172 /* ViewController.m in Sources */ = {isa = PBXBuildFile; fileRef = F7B522A524A03E4200B72172 /* ViewController.m */; };
		F7B522A924A03E4200B72172 /* Main.storyboard in Resources */ = {isa = PBXBuildFile; fileRef = F7B522A724A03E4200B72172 /* Main.storyboard */; };
		F7B522AB24A03E4300B72172 /* Assets.xcassets in Resources */ = {isa = PBXBuildFile; fileRef = F7B522AA24A03E4300B72172 /* Assets.xcassets */; };
		F7B522AE24A03E4300B72172 /* LaunchScreen.storyboard in Resources */ = {isa = PBXBuildFile; fileRef = F7B522AC24A03E4300B72172 /* LaunchScreen.storyboard */; };
		F7B522B124A03E4300B72172 /* main.m in Sources */ = {isa = PBXBuildFile; fileRef = F7B522B024A03E4300B72172 /* main.m */; };
/* End PBXBuildFile section */

/* Begin PBXFileReference section */
		537B24FE48BE3A832365E154 /* Pods-ZJDefine.debug.xcconfig */ = {isa = PBXFileReference; includeInIndex = 1; lastKnownFileType = text.xcconfig; name = "Pods-ZJDefine.debug.xcconfig"; path = "Target Support Files/Pods-ZJDefine/Pods-ZJDefine.debug.xcconfig"; sourceTree = "<group>"; };
		F1C85397E85903C144AD10AD /* libPods-ZJDefine.a */ = {isa = PBXFileReference; explicitFileType = archive.ar; includeInIndex = 0; path = "libPods-ZJDefine.a"; sourceTree = BUILT_PRODUCTS_DIR; };
		F7B5229B24A03E4200B72172 /* ZJDefine.app */ = {isa = PBXFileReference; explicitFileType = wrapper.application; includeInIndex = 0; path = ZJDefine.app; sourceTree = BUILT_PRODUCTS_DIR; };
		F7B5229E24A03E4200B72172 /* AppDelegate.h */ = {isa = PBXFileReference; lastKnownFileType = sourcecode.c.h; path = AppDelegate.h; sourceTree = "<group>"; };
		F7B5229F24A03E4200B72172 /* AppDelegate.m */ = {isa = PBXFileReference; lastKnownFileType = sourcecode.c.objc; path = AppDelegate.m; sourceTree = "<group>"; };
		F7B522A124A03E4200B72172 /* SceneDelegate.h */ = {isa = PBXFileReference; lastKnownFileType = sourcecode.c.h; path = SceneDelegate.h; sourceTree = "<group>"; };
		F7B522A224A03E4200B72172 /* SceneDelegate.m */ = {isa = PBXFileReference; lastKnownFileType = sourcecode.c.objc; path = SceneDelegate.m; sourceTree = "<group>"; };
		F7B522A424A03E4200B72172 /* ViewController.h */ = {isa = PBXFileReference; lastKnownFileType = sourcecode.c.h; path = ViewController.h; sourceTree = "<group>"; };
		F7B522A524A03E4200B72172 /* ViewController.m */ = {isa = PBXFileReference; lastKnownFileType = sourcecode.c.objc; path = ViewController.m; sourceTree = "<group>"; };
		F7B522A824A03E4200B72172 /* Base */ = {isa = PBXFileReference; lastKnownFileType = file.storyboard; name = Base; path = Base.lproj/Main.storyboard; sourceTree = "<group>"; };
		F7B522AA24A03E4300B72172 /* Assets.xcassets */ = {isa = PBXFileReference; lastKnownFileType = folder.assetcatalog; path = Assets.xcassets; sourceTree = "<group>"; };
		F7B522AD24A03E4300B72172 /* Base */ = {isa = PBXFileReference; lastKnownFileType = file.storyboard; name = Base; path = Base.lproj/LaunchScreen.storyboard; sourceTree = "<group>"; };
		F7B522AF24A03E4300B72172 /* Info.plist */ = {isa = PBXFileReference; lastKnownFileType = text.plist.xml; path = Info.plist; sourceTree = "<group>"; };
		F7B522B024A03E4300B72172 /* main.m */ = {isa = PBXFileReference; lastKnownFileType = sourcecode.c.objc; path = main.m; sourceTree = "<group>"; };
		F7B522B824A03EA300B72172 /* ZJModuleDefine.h */ = {isa = PBXFileReference; fileEncoding = 4; lastKnownFileType = sourcecode.c.h; path = ZJModuleDefine.h; sourceTree = "<group>"; };
		FB21E12F8334BB28571FE765 /* Pods-ZJDefine.release.xcconfig */ = {isa = PBXFileReference; includeInIndex = 1; lastKnownFileType = text.xcconfig; name = "Pods-ZJDefine.release.xcconfig"; path = "Target Support Files/Pods-ZJDefine/Pods-ZJDefine.release.xcconfig"; sourceTree = "<group>"; };
/* End PBXFileReference section */

/* Begin PBXFrameworksBuildPhase section */
		F7B5229824A03E4200B72172 /* Frameworks */ = {
			isa = PBXFrameworksBuildPhase;
			buildActionMask = 2147483647;
			files = (
				E3E513A8BAD918221CED6270 /* libPods-ZJDefine.a in Frameworks */,
			);
			runOnlyForDeploymentPostprocessing = 0;
		};
/* End PBXFrameworksBuildPhase section */

/* Begin PBXGroup section */
		08682077D8199A6229F6E6AF /* Pods */ = {
			isa = PBXGroup;
			children = (
				537B24FE48BE3A832365E154 /* Pods-ZJDefine.debug.xcconfig */,
				FB21E12F8334BB28571FE765 /* Pods-ZJDefine.release.xcconfig */,
			);
			name = Pods;
			path = Pods;
			sourceTree = "<group>";
		};
		B8FD3CA82218D526833E1189 /* Frameworks */ = {
			isa = PBXGroup;
			children = (
				F1C85397E85903C144AD10AD /* libPods-ZJDefine.a */,
			);
			name = Frameworks;
			sourceTree = "<group>";
		};
		F7B5229224A03E4200B72172 = {
			isa = PBXGroup;
			children = (
				F7B5229D24A03E4200B72172 /* ZJDefine */,
				F7B5229C24A03E4200B72172 /* Products */,
				08682077D8199A6229F6E6AF /* Pods */,
				B8FD3CA82218D526833E1189 /* Frameworks */,
			);
			sourceTree = "<group>";
		};
		F7B5229C24A03E4200B72172 /* Products */ = {
			isa = PBXGroup;
			children = (
				F7B5229B24A03E4200B72172 /* ZJDefine.app */,
			);
			name = Products;
			sourceTree = "<group>";
		};
		F7B5229D24A03E4200B72172 /* ZJDefine */ = {
			isa = PBXGroup;
			children = (
				F7B522B724A03EA300B72172 /* Class */,
				F7B5229E24A03E4200B72172 /* AppDelegate.h */,
				F7B5229F24A03E4200B72172 /* AppDelegate.m */,
				F7B522A124A03E4200B72172 /* SceneDelegate.h */,
				F7B522A224A03E4200B72172 /* SceneDelegate.m */,
				F7B522A424A03E4200B72172 /* ViewController.h */,
				F7B522A524A03E4200B72172 /* ViewController.m */,
				F7B522A724A03E4200B72172 /* Main.storyboard */,
				F7B522AA24A03E4300B72172 /* Assets.xcassets */,
				F7B522AC24A03E4300B72172 /* LaunchScreen.storyboard */,
				F7B522AF24A03E4300B72172 /* Info.plist */,
				F7B522B024A03E4300B72172 /* main.m */,
			);
			path = ZJDefine;
			sourceTree = "<group>";
		};
		F7B522B724A03EA300B72172 /* Class */ = {
			isa = PBXGroup;
			children = (
				F7B522B824A03EA300B72172 /* ZJModuleDefine.h */,
			);
			path = Class;
			sourceTree = "<group>";
		};
/* End PBXGroup section */

/* Begin PBXNativeTarget section */
		F7B5229A24A03E4200B72172 /* ZJDefine */ = {
			isa = PBXNativeTarget;
			buildConfigurationList = F7B522B424A03E4300B72172 /* Build configuration list for PBXNativeTarget "ZJDefine" */;
			buildPhases = (
				C6BB790E475D74E926F81432 /* [CP] Check Pods Manifest.lock */,
				F7B5229724A03E4200B72172 /* Sources */,
				F7B5229824A03E4200B72172 /* Frameworks */,
				F7B5229924A03E4200B72172 /* Resources */,
			);
			buildRules = (
			);
			dependencies = (
			);
			name = ZJDefine;
			productName = ZJDefine;
			productReference = F7B5229B24A03E4200B72172 /* ZJDefine.app */;
			productType = "com.apple.product-type.application";
		};
/* End PBXNativeTarget section */

/* Begin PBXProject section */
		F7B5229324A03E4200B72172 /* Project object */ = {
			isa = PBXProject;
			attributes = {
				LastUpgradeCheck = 1120;
				ORGANIZATIONNAME = wp;
				TargetAttributes = {
					F7B5229A24A03E4200B72172 = {
						CreatedOnToolsVersion = 11.2.1;
					};
				};
			};
			buildConfigurationList = F7B5229624A03E4200B72172 /* Build configuration list for PBXProject "ZJDefine" */;
			compatibilityVersion = "Xcode 9.3";
			developmentRegion = en;
			hasScannedForEncodings = 0;
			knownRegions = (
				en,
				Base,
			);
			mainGroup = F7B5229224A03E4200B72172;
			productRefGroup = F7B5229C24A03E4200B72172 /* Products */;
			projectDirPath = "";
			projectRoot = "";
			targets = (
				F7B5229A24A03E4200B72172 /* ZJDefine */,
			);
		};
/* End PBXProject section */

/* Begin PBXResourcesBuildPhase section */
		F7B5229924A03E4200B72172 /* Resources */ = {
			isa = PBXResourcesBuildPhase;
			buildActionMask = 2147483647;
			files = (
				F7B522AE24A03E4300B72172 /* LaunchScreen.storyboard in Resources */,
				F7B522AB24A03E4300B72172 /* Assets.xcassets in Resources */,
				F7B522A924A03E4200B72172 /* Main.storyboard in Resources */,
			);
			runOnlyForDeploymentPostprocessing = 0;
		};
/* End PBXResourcesBuildPhase section */

/* Begin PBXShellScriptBuildPhase section */
		C6BB790E475D74E926F81432 /* [CP] Check Pods Manifest.lock */ = {
			isa = PBXShellScriptBuildPhase;
			buildActionMask = 2147483647;
			files = (
			);
			inputFileListPaths = (
			);
			inputPaths = (
				"${PODS_PODFILE_DIR_PATH}/Podfile.lock",
				"${PODS_ROOT}/Manifest.lock",
			);
			name = "[CP] Check Pods Manifest.lock";
			outputFileListPaths = (
			);
			outputPaths = (
				"$(DERIVED_FILE_DIR)/Pods-ZJDefine-checkManifestLockResult.txt",
			);
			runOnlyForDeploymentPostprocessing = 0;
			shellPath = /bin/sh;
			shellScript = "diff \"${PODS_PODFILE_DIR_PATH}/Podfile.lock\" \"${PODS_ROOT}/Manifest.lock\" > /dev/null\nif [ $? != 0 ] ; then\n    # print error to STDERR\n    echo \"error: The sandbox is not in sync with the Podfile.lock. Run 'pod install' or update your CocoaPods installation.\" >&2\n    exit 1\nfi\n# This output is used by Xcode 'outputs' to avoid re-running this script phase.\necho \"SUCCESS\" > \"${SCRIPT_OUTPUT_FILE_0}\"\n";
			showEnvVarsInLog = 0;
		};
/* End PBXShellScriptBuildPhase section */

/* Begin PBXSourcesBuildPhase section */
		F7B5229724A03E4200B72172 /* Sources */ = {
			isa = PBXSourcesBuildPhase;
			buildActionMask = 2147483647;
			files = (
				F7B522A624A03E4200B72172 /* ViewController.m in Sources */,
				F7B522A024A03E4200B72172 /* AppDelegate.m in Sources */,
				F7B522B124A03E4300B72172 /* main.m in Sources */,
				F7B522A324A03E4200B72172 /* SceneDelegate.m in Sources */,
			);
			runOnlyForDeploymentPostprocessing = 0;
		};
/* End PBXSourcesBuildPhase section */

/* Begin PBXVariantGroup section */
		F7B522A724A03E4200B72172 /* Main.storyboard */ = {
			isa = PBXVariantGroup;
			children = (
				F7B522A824A03E4200B72172 /* Base */,
			);
			name = Main.storyboard;
			sourceTree = "<group>";
		};
		F7B522AC24A03E4300B72172 /* LaunchScreen.storyboard */ = {
			isa = PBXVariantGroup;
			children = (
				F7B522AD24A03E4300B72172 /* Base */,
			);
			name = LaunchScreen.storyboard;
			sourceTree = "<group>";
		};
/* End PBXVariantGroup section */

/* Begin XCBuildConfiguration section */
		F7B522B224A03E4300B72172 /* Debug */ = {
			isa = XCBuildConfiguration;
			buildSettings = {
				ALWAYS_SEARCH_USER_PATHS = NO;
				CLANG_ANALYZER_NONNULL = YES;
				CLANG_ANALYZER_NUMBER_OBJECT_CONVERSION = YES_AGGRESSIVE;
				CLANG_CXX_LANGUAGE_STANDARD = "gnu++14";
				CLANG_CXX_LIBRARY = "libc++";
				CLANG_ENABLE_MODULES = YES;
				CLANG_ENABLE_OBJC_ARC = YES;
				CLANG_ENABLE_OBJC_WEAK = YES;
				CLANG_WARN_BLOCK_CAPTURE_AUTORELEASING = YES;
				CLANG_WARN_BOOL_CONVERSION = YES;
				CLANG_WARN_COMMA = YES;
				CLANG_WARN_CONSTANT_CONVERSION = YES;
				CLANG_WARN_DEPRECATED_OBJC_IMPLEMENTATIONS = YES;
				CLANG_WARN_DIRECT_OBJC_ISA_USAGE = YES_ERROR;
				CLANG_WARN_DOCUMENTATION_COMMENTS = YES;
				CLANG_WARN_EMPTY_BODY = YES;
				CLANG_WARN_ENUM_CONVERSION = YES;
				CLANG_WARN_INFINITE_RECURSION = YES;
				CLANG_WARN_INT_CONVERSION = YES;
				CLANG_WARN_NON_LITERAL_NULL_CONVERSION = YES;
				CLANG_WARN_OBJC_IMPLICIT_RETAIN_SELF = YES;
				CLANG_WARN_OBJC_LITERAL_CONVERSION = YES;
				CLANG_WARN_OBJC_ROOT_CLASS = YES_ERROR;
				CLANG_WARN_RANGE_LOOP_ANALYSIS = YES;
				CLANG_WARN_STRICT_PROTOTYPES = YES;
				CLANG_WARN_SUSPICIOUS_MOVE = YES;
				CLANG_WARN_UNGUARDED_AVAILABILITY = YES_AGGRESSIVE;
				CLANG_WARN_UNREACHABLE_CODE = YES;
				CLANG_WARN__DUPLICATE_METHOD_MATCH = YES;
				COPY_PHASE_STRIP = NO;
				DEBUG_INFORMATION_FORMAT = dwarf;
				ENABLE_STRICT_OBJC_MSGSEND = YES;
				ENABLE_TESTABILITY = YES;
				GCC_C_LANGUAGE_STANDARD = gnu11;
				GCC_DYNAMIC_NO_PIC = NO;
				GCC_NO_COMMON_BLOCKS = YES;
				GCC_OPTIMIZATION_LEVEL = 0;
				GCC_PREPROCESSOR_DEFINITIONS = (
					"DEBUG=1",
					"$(inherited)",
				);
				GCC_WARN_64_TO_32_BIT_CONVERSION = YES;
				GCC_WARN_ABOUT_RETURN_TYPE = YES_ERROR;
				GCC_WARN_UNDECLARED_SELECTOR = YES;
				GCC_WARN_UNINITIALIZED_AUTOS = YES_AGGRESSIVE;
				GCC_WARN_UNUSED_FUNCTION = YES;
				GCC_WARN_UNUSED_VARIABLE = YES;
				IPHONEOS_DEPLOYMENT_TARGET = 13.2;
				MTL_ENABLE_DEBUG_INFO = INCLUDE_SOURCE;
				MTL_FAST_MATH = YES;
				ONLY_ACTIVE_ARCH = YES;
				SDKROOT = iphoneos;
			};
			name = Debug;
		};
		F7B522B324A03E4300B72172 /* Release */ = {
			isa = XCBuildConfiguration;
			buildSettings = {
				ALWAYS_SEARCH_USER_PATHS = NO;
				CLANG_ANALYZER_NONNULL = YES;
				CLANG_ANALYZER_NUMBER_OBJECT_CONVERSION = YES_AGGRESSIVE;
				CLANG_CXX_LANGUAGE_STANDARD = "gnu++14";
				CLANG_CXX_LIBRARY = "libc++";
				CLANG_ENABLE_MODULES = YES;
				CLANG_ENABLE_OBJC_ARC = YES;
				CLANG_ENABLE_OBJC_WEAK = YES;
				CLANG_WARN_BLOCK_CAPTURE_AUTORELEASING = YES;
				CLANG_WARN_BOOL_CONVERSION = YES;
				CLANG_WARN_COMMA = YES;
				CLANG_WARN_CONSTANT_CONVERSION = YES;
				CLANG_WARN_DEPRECATED_OBJC_IMPLEMENTATIONS = YES;
				CLANG_WARN_DIRECT_OBJC_ISA_USAGE = YES_ERROR;
				CLANG_WARN_DOCUMENTATION_COMMENTS = YES;
				CLANG_WARN_EMPTY_BODY = YES;
				CLANG_WARN_ENUM_CONVERSION = YES;
				CLANG_WARN_INFINITE_RECURSION = YES;
				CLANG_WARN_INT_CONVERSION = YES;
				CLANG_WARN_NON_LITERAL_NULL_CONVERSION = YES;
				CLANG_WARN_OBJC_IMPLICIT_RETAIN_SELF = YES;
				CLANG_WARN_OBJC_LITERAL_CONVERSION = YES;
				CLANG_WARN_OBJC_ROOT_CLASS = YES_ERROR;
				CLANG_WARN_RANGE_LOOP_ANALYSIS = YES;
				CLANG_WARN_STRICT_PROTOTYPES = YES;
				CLANG_WARN_SUSPICIOUS_MOVE = YES;
				CLANG_WARN_UNGUARDED_AVAILABILITY = YES_AGGRESSIVE;
				CLANG_WARN_UNREACHABLE_CODE = YES;
				CLANG_WARN__DUPLICATE_METHOD_MATCH = YES;
				COPY_PHASE_STRIP = NO;
				DEBUG_INFORMATION_FORMAT = "dwarf-with-dsym";
				ENABLE_NS_ASSERTIONS = NO;
				ENABLE_STRICT_OBJC_MSGSEND = YES;
				GCC_C_LANGUAGE_STANDARD = gnu11;
				GCC_NO_COMMON_BLOCKS = YES;
				GCC_WARN_64_TO_32_BIT_CONVERSION = YES;
				GCC_WARN_ABOUT_RETURN_TYPE = YES_ERROR;
				GCC_WARN_UNDECLARED_SELECTOR = YES;
				GCC_WARN_UNINITIALIZED_AUTOS = YES_AGGRESSIVE;
				GCC_WARN_UNUSED_FUNCTION = YES;
				GCC_WARN_UNUSED_VARIABLE = YES;
				IPHONEOS_DEPLOYMENT_TARGET = 13.2;
				MTL_ENABLE_DEBUG_INFO = NO;
				MTL_FAST_MATH = YES;
				SDKROOT = iphoneos;
				VALIDATE_PRODUCT = YES;
			};
			name = Release;
		};
		F7B522B524A03E4300B72172 /* Debug */ = {
			isa = XCBuildConfiguration;
			baseConfigurationReference = 537B24FE48BE3A832365E154 /* Pods-ZJDefine.debug.xcconfig */;
			buildSettings = {
				ASSETCATALOG_COMPILER_APPICON_NAME = AppIcon;
				CODE_SIGN_STYLE = Automatic;
				DEVELOPMENT_TEAM = SQN84YY35D;
				INFOPLIST_FILE = ZJDefine/Info.plist;
				LD_RUNPATH_SEARCH_PATHS = (
					"$(inherited)",
					"@executable_path/Frameworks",
				);
				PRODUCT_BUNDLE_IDENTIFIER = com.gmcc.wp.ZJDefine;
				PRODUCT_NAME = "$(TARGET_NAME)";
				TARGETED_DEVICE_FAMILY = "1,2";
			};
			name = Debug;
		};
		F7B522B624A03E4300B72172 /* Release */ = {
			isa = XCBuildConfiguration;
			baseConfigurationReference = FB21E12F8334BB28571FE765 /* Pods-ZJDefine.release.xcconfig */;
			buildSettings = {
				ASSETCATALOG_COMPILER_APPICON_NAME = AppIcon;
				CODE_SIGN_STYLE = Automatic;
				DEVELOPMENT_TEAM = SQN84YY35D;
				INFOPLIST_FILE = ZJDefine/Info.plist;
				LD_RUNPATH_SEARCH_PATHS = (
					"$(inherited)",
					"@executable_path/Frameworks",
				);
				PRODUCT_BUNDLE_IDENTIFIER = com.gmcc.wp.ZJDefine;
				PRODUCT_NAME = "$(TARGET_NAME)";
				TARGETED_DEVICE_FAMILY = "1,2";
			};
			name = Release;
		};
/* End XCBuildConfiguration section */

/* Begin XCConfigurationList section */
		F7B5229624A03E4200B72172 /* Build configuration list for PBXProject "ZJDefine" */ = {
			isa = XCConfigurationList;
			buildConfigurations = (
				F7B522B224A03E4300B72172 /* Debug */,
				F7B522B324A03E4300B72172 /* Release */,
			);
			defaultConfigurationIsVisible = 0;
			defaultConfigurationName = Release;
		};
		F7B522B424A03E4300B72172 /* Build configuration list for PBXNativeTarget "ZJDefine" */ = {
			isa = XCConfigurationList;
			buildConfigurations = (
				F7B522B524A03E4300B72172 /* Debug */,
				F7B522B624A03E4300B72172 /* Release */,
			);
			defaultConfigurationIsVisible = 0;
			defaultConfigurationName = Release;
		};
/* End XCConfigurationList section */
	};
	rootObject = F7B5229324A03E4200B72172 /* Project object */;
}
